<Solution>
  <Folder Name="/ConnectionTools/">
    <Project Path="../ConnectionTools/ConnectTools/ConnectTools.csproj" />
    <Project Path="../ConnectionTools/CToolsFactory/CToolsFactory.csproj" />
    <Project Path="../ConnectionTools/FTPTools/FTPTools.csproj" />
  </Folder>
  <Folder Name="/DatabaseTools/">
    <Project Path="../DatabaseTools/DbTools/DbTools.csproj" />
  </Folder>
  <Folder Name="/ParametersManagement/">
    <Project Path="../ParametersManagement/LibApiClientParameters/LibApiClientParameters.csproj" />
    <Project Path="../ParametersManagement/LibDatabaseParameters/LibDatabaseParameters.csproj" />
    <Project Path="../ParametersManagement/LibFileParameters/LibFileParameters.csproj" />
    <Project Path="../ParametersManagement/LibParameters/LibParameters.csproj" />
  </Folder>
  <Folder Name="/SystemTools/">
    <Project Path="../SystemTools/ApiContracts/ApiContracts.csproj" />
    <Project Path="../SystemTools/ApiKeysManagement/ApiKeysManagement.csproj" />
    <Project Path="../SystemTools/MediatRMessagingAbstractions/MediatRMessagingAbstractions.csproj" />
    <Project Path="../SystemTools/StringMessagesApiContracts/StringMessagesApiContracts.csproj" />
    <Project Path="../SystemTools/SystemToolsShared/SystemToolsShared.csproj" />
    <Project Path="../SystemTools/TestApiContracts/TestApiContracts.csproj" />
  </Folder>
  <Folder Name="/ToolsManagement/">
    <Project Path="../ToolsManagement/FileManagersMain/FileManagersMain.csproj" />
    <Project Path="../ToolsManagement/Installer/Installer.csproj" />
    <Project Path="../ToolsManagement/LibToolActions/LibToolActions.csproj" />
  </Folder>
  <Folder Name="/WebAgentContracts/">
    <Project Path="../WebAgentContracts/WebAgentProjectsApiContracts/WebAgentProjectsApiContracts.csproj" />
  </Folder>
  <Folder Name="/WebAgentShared/">
    <Project Path="../WebAgentShared/LibProjectsApi/LibProjectsApi.csproj" />
    <Project Path="../WebAgentShared/LibWebAgentData/LibWebAgentData.csproj" />
  </Folder>
  <Folder Name="/WebSystemTools/">
    <Project Path="../WebSystemTools/ApiExceptionHandler/ApiExceptionHandler.csproj" />
    <Project Path="../WebSystemTools/ApiKeyIdentity/ApiKeyIdentity.csproj" />
    <Project Path="../WebSystemTools/ConfigurationEncrypt/ConfigurationEncrypt.csproj" />
    <Project Path="../WebSystemTools/MediatorTools/MediatorTools.csproj" />
    <Project Path="../WebSystemTools/SerilogLogger/SerilogLogger.csproj" />
    <Project Path="../WebSystemTools/SignalRMessages/SignalRMessages.csproj" />
    <Project Path="../WebSystemTools/SwaggerTools/SwaggerTools.csproj" />
    <Project Path="../WebSystemTools/TestToolsApi/TestToolsApi.csproj" />
    <Project Path="../WebSystemTools/TestToolsData/TestToolsData.csproj" />
    <Project Path="../WebSystemTools/WindowsServiceTools/WindowsServiceTools.csproj" />
  </Folder>
  <Project Path="WebAgentInstaller/WebAgentInstaller.csproj" />
</Solution>
