
Microsoft Visual Studio Solution File, Format Version 12.00
# Visual Studio Version 17
VisualStudioVersion = 17.1.32210.238
MinimumVisualStudioVersion = 10.0.40219.1
Project("{9A19103F-16F7-4668-BE54-9A1E7A4F7556}") = "WebAgentInstaller", "WebAgentInstaller\WebAgentInstaller.csproj", "{278CBD6C-DC5E-4247-90C4-C1B7EA542D53}"
EndProject
Project("{2150E333-8FDC-42A3-9474-1A3956D46DE8}") = "SystemTools", "SystemTools", "{AA9E5CC5-27FF-420B-98F5-3970BD383043}"
EndProject
Project("{2150E333-8FDC-42A3-9474-1A3956D46DE8}") = "ConnectionTools", "ConnectionTools", "{513B28DA-163D-44FD-996D-31A957B43E9F}"
EndProject
Project("{9A19103F-16F7-4668-BE54-9A1E7A4F7556}") = "ConnectTools", "..\ConnectionTools\ConnectTools\ConnectTools.csproj", "{90D2B0B1-490B-432E-9481-49F23C4512E9}"
EndProject
Project("{9A19103F-16F7-4668-BE54-9A1E7A4F7556}") = "CToolsFabric", "..\ConnectionTools\CToolsFabric\CToolsFabric.csproj", "{9457311D-88F1-48E6-8D7D-C55238969BFF}"
EndProject
Project("{9A19103F-16F7-4668-BE54-9A1E7A4F7556}") = "FTPTools", "..\ConnectionTools\FTPTools\FTPTools.csproj", "{70487485-56A2-4D48-9850-0EF9E33BC1B5}"
EndProject
Project("{9A19103F-16F7-4668-BE54-9A1E7A4F7556}") = "SystemToolsShared", "..\SystemTools\SystemToolsShared\SystemToolsShared.csproj", "{3E73DB3E-7889-4A4F-952F-C217FE7260A1}"
EndProject
Project("{2150E333-8FDC-42A3-9474-1A3956D46DE8}") = "WebAgentShared", "WebAgentShared", "{C543BA73-A762-4BB4-A4EB-61136339717D}"
EndProject
Project("{2150E333-8FDC-42A3-9474-1A3956D46DE8}") = "WebSystemTools", "WebSystemTools", "{0CB0E335-2BCA-4A02-8B29-E27F14ACF1F6}"
EndProject
Project("{9A19103F-16F7-4668-BE54-9A1E7A4F7556}") = "TestToolsData", "..\WebSystemTools\TestToolsData\TestToolsData.csproj", "{8E293FC8-A63E-40AA-A0D5-F0B7BD5425C7}"
EndProject
Project("{9A19103F-16F7-4668-BE54-9A1E7A4F7556}") = "WebInstallers", "..\WebSystemTools\WebInstallers\WebInstallers.csproj", "{2A6600AF-5D4B-4002-BCCA-8246E7DE286E}"
EndProject
Project("{9A19103F-16F7-4668-BE54-9A1E7A4F7556}") = "ConfigurationEncrypt", "..\WebSystemTools\ConfigurationEncrypt\ConfigurationEncrypt.csproj", "{38576023-D5DF-45D5-8BED-02A763760CBD}"
EndProject
Project("{9A19103F-16F7-4668-BE54-9A1E7A4F7556}") = "SerilogLogger", "..\WebSystemTools\SerilogLogger\SerilogLogger.csproj", "{1DB128D0-E7C8-437D-98A5-070DFC3FCF55}"
EndProject
Project("{9A19103F-16F7-4668-BE54-9A1E7A4F7556}") = "SwaggerTools", "..\WebSystemTools\SwaggerTools\SwaggerTools.csproj", "{C7427E65-07AD-4FDC-9D45-9739B02B7599}"
EndProject
Project("{9A19103F-16F7-4668-BE54-9A1E7A4F7556}") = "WindowsServiceTools", "..\WebSystemTools\WindowsServiceTools\WindowsServiceTools.csproj", "{D91ACC25-5D8E-4BA1-BBEF-3CF558B142FA}"
EndProject
Project("{9A19103F-16F7-4668-BE54-9A1E7A4F7556}") = "ApiExceptionHandler", "..\WebSystemTools\ApiExceptionHandler\ApiExceptionHandler.csproj", "{D51F7377-6228-46E8-B64B-DE8D6547C135}"
EndProject
Project("{2150E333-8FDC-42A3-9474-1A3956D46DE8}") = "WebAgentContracts", "WebAgentContracts", "{6CF61831-FB1B-48B3-86EC-618771C67EB5}"
EndProject
Project("{9A19103F-16F7-4668-BE54-9A1E7A4F7556}") = "MessagingAbstractions", "..\SystemTools\MessagingAbstractions\MessagingAbstractions.csproj", "{92B1D37D-B10E-481C-A2D0-A742870FB3F7}"
EndProject
Project("{9A19103F-16F7-4668-BE54-9A1E7A4F7556}") = "FluentValidationInstaller", "..\WebSystemTools\FluentValidationInstaller\FluentValidationInstaller.csproj", "{AE7F4243-032C-4419-8372-360883D70105}"
EndProject
Project("{2150E333-8FDC-42A3-9474-1A3956D46DE8}") = "ParametersManagement", "ParametersManagement", "{D1E2AE3F-7CE7-480E-8050-9EC5F51C1252}"
EndProject
Project("{9A19103F-16F7-4668-BE54-9A1E7A4F7556}") = "LibParameters", "..\ParametersManagement\LibParameters\LibParameters.csproj", "{284540F8-2579-4D25-B27B-0D5F4B0E9BFD}"
EndProject
Project("{2150E333-8FDC-42A3-9474-1A3956D46DE8}") = "ToolsManagement", "ToolsManagement", "{6BA38BE3-9EC3-4C12-928A-8F51D723A394}"
EndProject
Project("{9A19103F-16F7-4668-BE54-9A1E7A4F7556}") = "LibToolActions", "..\ToolsManagement\LibToolActions\LibToolActions.csproj", "{AEE91AEF-A846-4CCA-84D8-EDA1DCDA1288}"
EndProject
Project("{9A19103F-16F7-4668-BE54-9A1E7A4F7556}") = "Installer", "..\ToolsManagement\Installer\Installer.csproj", "{EC7EF1B5-FA8F-429F-866D-A4A8802A7E27}"
EndProject
Project("{9A19103F-16F7-4668-BE54-9A1E7A4F7556}") = "FileManagersMain", "..\ToolsManagement\FileManagersMain\FileManagersMain.csproj", "{60EE4159-EBF2-4215-9D2F-5B3590DC04B3}"
EndProject
Project("{9A19103F-16F7-4668-BE54-9A1E7A4F7556}") = "LibFileParameters", "..\ParametersManagement\LibFileParameters\LibFileParameters.csproj", "{C54367D9-C986-46AB-8E8F-72F79705D23D}"
EndProject
Project("{9A19103F-16F7-4668-BE54-9A1E7A4F7556}") = "TestToolsApi", "..\WebSystemTools\TestToolsApi\TestToolsApi.csproj", "{67C32405-5596-4C56-A964-74487FCD3A91}"
EndProject
Project("{9A19103F-16F7-4668-BE54-9A1E7A4F7556}") = "LibProjectsApi", "..\WebAgentShared\LibProjectsApi\LibProjectsApi.csproj", "{4BE0C58F-A2A3-481C-8E12-95FC9074C608}"
EndProject
Project("{9A19103F-16F7-4668-BE54-9A1E7A4F7556}") = "WebAgentProjectsApiContracts", "..\WebAgentContracts\WebAgentProjectsApiContracts\WebAgentProjectsApiContracts.csproj", "{B5ED78F9-2CF2-456D-944C-AE02FC823DF8}"
EndProject
Project("{9A19103F-16F7-4668-BE54-9A1E7A4F7556}") = "SignalRMessages", "..\WebSystemTools\SignalRMessages\SignalRMessages.csproj", "{3A9E69E0-01C1-482A-BCBB-E31EFAD2B148}"
EndProject
Project("{9A19103F-16F7-4668-BE54-9A1E7A4F7556}") = "HttpClientInstaller", "..\WebSystemTools\HttpClientInstaller\HttpClientInstaller.csproj", "{3124B4A7-7E0B-40A5-B72A-4BA48E62929D}"
EndProject
Project("{9A19103F-16F7-4668-BE54-9A1E7A4F7556}") = "TestApiContracts", "..\SystemTools\TestApiContracts\TestApiContracts.csproj", "{E759DF0A-0129-40FE-A8D2-AF6481C59FB7}"
EndProject
Project("{9A19103F-16F7-4668-BE54-9A1E7A4F7556}") = "ApiContracts", "..\SystemTools\ApiContracts\ApiContracts.csproj", "{DEA26BE0-7C1C-41F1-9710-DFC1E9009BDC}"
EndProject
Project("{9A19103F-16F7-4668-BE54-9A1E7A4F7556}") = "StringMessagesApiContracts", "..\SystemTools\StringMessagesApiContracts\StringMessagesApiContracts.csproj", "{9150C6D4-C30C-488F-B080-CD4F30644437}"
EndProject
Project("{FAE04EC0-301F-11D3-BF4B-00C04F79EFBC}") = "ApiKeysManagement", "..\SystemTools\ApiKeysManagement\ApiKeysManagement.csproj", "{896C2FBF-A09B-4433-9848-3B267C699DCA}"
EndProject
Project("{FAE04EC0-301F-11D3-BF4B-00C04F79EFBC}") = "ApiKeyIdentity", "..\WebSystemTools\ApiKeyIdentity\ApiKeyIdentity.csproj", "{F0C217AD-BE36-4188-8276-0FFA4F5803EC}"
EndProject
Project("{FAE04EC0-301F-11D3-BF4B-00C04F79EFBC}") = "LibWebAgentData", "..\WebAgentShared\LibWebAgentData\LibWebAgentData.csproj", "{5AB7BA5C-4B52-490E-8A32-ACD3784C3948}"
EndProject
Project("{FAE04EC0-301F-11D3-BF4B-00C04F79EFBC}") = "LibApiClientParameters", "..\ParametersManagement\LibApiClientParameters\LibApiClientParameters.csproj", "{B0D44871-5618-474D-8683-681BD3A59875}"
EndProject
Project("{FAE04EC0-301F-11D3-BF4B-00C04F79EFBC}") = "LibDatabaseParameters", "..\ParametersManagement\LibDatabaseParameters\LibDatabaseParameters.csproj", "{479F28AA-6919-4844-BB4A-D0CBE520880F}"
EndProject
Project("{2150E333-8FDC-42A3-9474-1A3956D46DE8}") = "DatabaseTools", "DatabaseTools", "{6A8F04B1-6D1E-4029-B63C-15B83E770D3D}"
EndProject
Project("{FAE04EC0-301F-11D3-BF4B-00C04F79EFBC}") = "DbTools", "..\DatabaseTools\DbTools\DbTools.csproj", "{9AF18D83-AAFE-41E2-BC30-12DE4B20E1AD}"
EndProject
Global
	GlobalSection(SolutionConfigurationPlatforms) = preSolution
		Debug|Any CPU = Debug|Any CPU
		Release|Any CPU = Release|Any CPU
	EndGlobalSection
	GlobalSection(ProjectConfigurationPlatforms) = postSolution
		{278CBD6C-DC5E-4247-90C4-C1B7EA542D53}.Debug|Any CPU.ActiveCfg = Debug|Any CPU
		{278CBD6C-DC5E-4247-90C4-C1B7EA542D53}.Debug|Any CPU.Build.0 = Debug|Any CPU
		{278CBD6C-DC5E-4247-90C4-C1B7EA542D53}.Release|Any CPU.ActiveCfg = Release|Any CPU
		{278CBD6C-DC5E-4247-90C4-C1B7EA542D53}.Release|Any CPU.Build.0 = Release|Any CPU
		{90D2B0B1-490B-432E-9481-49F23C4512E9}.Debug|Any CPU.ActiveCfg = Debug|Any CPU
		{90D2B0B1-490B-432E-9481-49F23C4512E9}.Debug|Any CPU.Build.0 = Debug|Any CPU
		{90D2B0B1-490B-432E-9481-49F23C4512E9}.Release|Any CPU.ActiveCfg = Release|Any CPU
		{90D2B0B1-490B-432E-9481-49F23C4512E9}.Release|Any CPU.Build.0 = Release|Any CPU
		{9457311D-88F1-48E6-8D7D-C55238969BFF}.Debug|Any CPU.ActiveCfg = Debug|Any CPU
		{9457311D-88F1-48E6-8D7D-C55238969BFF}.Debug|Any CPU.Build.0 = Debug|Any CPU
		{9457311D-88F1-48E6-8D7D-C55238969BFF}.Release|Any CPU.ActiveCfg = Release|Any CPU
		{9457311D-88F1-48E6-8D7D-C55238969BFF}.Release|Any CPU.Build.0 = Release|Any CPU
		{70487485-56A2-4D48-9850-0EF9E33BC1B5}.Debug|Any CPU.ActiveCfg = Debug|Any CPU
		{70487485-56A2-4D48-9850-0EF9E33BC1B5}.Debug|Any CPU.Build.0 = Debug|Any CPU
		{70487485-56A2-4D48-9850-0EF9E33BC1B5}.Release|Any CPU.ActiveCfg = Release|Any CPU
		{70487485-56A2-4D48-9850-0EF9E33BC1B5}.Release|Any CPU.Build.0 = Release|Any CPU
		{3E73DB3E-7889-4A4F-952F-C217FE7260A1}.Debug|Any CPU.ActiveCfg = Debug|Any CPU
		{3E73DB3E-7889-4A4F-952F-C217FE7260A1}.Debug|Any CPU.Build.0 = Debug|Any CPU
		{3E73DB3E-7889-4A4F-952F-C217FE7260A1}.Release|Any CPU.ActiveCfg = Release|Any CPU
		{3E73DB3E-7889-4A4F-952F-C217FE7260A1}.Release|Any CPU.Build.0 = Release|Any CPU
		{8E293FC8-A63E-40AA-A0D5-F0B7BD5425C7}.Debug|Any CPU.ActiveCfg = Debug|Any CPU
		{8E293FC8-A63E-40AA-A0D5-F0B7BD5425C7}.Debug|Any CPU.Build.0 = Debug|Any CPU
		{8E293FC8-A63E-40AA-A0D5-F0B7BD5425C7}.Release|Any CPU.ActiveCfg = Release|Any CPU
		{8E293FC8-A63E-40AA-A0D5-F0B7BD5425C7}.Release|Any CPU.Build.0 = Release|Any CPU
		{2A6600AF-5D4B-4002-BCCA-8246E7DE286E}.Debug|Any CPU.ActiveCfg = Debug|Any CPU
		{2A6600AF-5D4B-4002-BCCA-8246E7DE286E}.Debug|Any CPU.Build.0 = Debug|Any CPU
		{2A6600AF-5D4B-4002-BCCA-8246E7DE286E}.Release|Any CPU.ActiveCfg = Release|Any CPU
		{2A6600AF-5D4B-4002-BCCA-8246E7DE286E}.Release|Any CPU.Build.0 = Release|Any CPU
		{38576023-D5DF-45D5-8BED-02A763760CBD}.Debug|Any CPU.ActiveCfg = Debug|Any CPU
		{38576023-D5DF-45D5-8BED-02A763760CBD}.Debug|Any CPU.Build.0 = Debug|Any CPU
		{38576023-D5DF-45D5-8BED-02A763760CBD}.Release|Any CPU.ActiveCfg = Release|Any CPU
		{38576023-D5DF-45D5-8BED-02A763760CBD}.Release|Any CPU.Build.0 = Release|Any CPU
		{1DB128D0-E7C8-437D-98A5-070DFC3FCF55}.Debug|Any CPU.ActiveCfg = Debug|Any CPU
		{1DB128D0-E7C8-437D-98A5-070DFC3FCF55}.Debug|Any CPU.Build.0 = Debug|Any CPU
		{1DB128D0-E7C8-437D-98A5-070DFC3FCF55}.Release|Any CPU.ActiveCfg = Release|Any CPU
		{1DB128D0-E7C8-437D-98A5-070DFC3FCF55}.Release|Any CPU.Build.0 = Release|Any CPU
		{C7427E65-07AD-4FDC-9D45-9739B02B7599}.Debug|Any CPU.ActiveCfg = Debug|Any CPU
		{C7427E65-07AD-4FDC-9D45-9739B02B7599}.Debug|Any CPU.Build.0 = Debug|Any CPU
		{C7427E65-07AD-4FDC-9D45-9739B02B7599}.Release|Any CPU.ActiveCfg = Release|Any CPU
		{C7427E65-07AD-4FDC-9D45-9739B02B7599}.Release|Any CPU.Build.0 = Release|Any CPU
		{D91ACC25-5D8E-4BA1-BBEF-3CF558B142FA}.Debug|Any CPU.ActiveCfg = Debug|Any CPU
		{D91ACC25-5D8E-4BA1-BBEF-3CF558B142FA}.Debug|Any CPU.Build.0 = Debug|Any CPU
		{D91ACC25-5D8E-4BA1-BBEF-3CF558B142FA}.Release|Any CPU.ActiveCfg = Release|Any CPU
		{D91ACC25-5D8E-4BA1-BBEF-3CF558B142FA}.Release|Any CPU.Build.0 = Release|Any CPU
		{D51F7377-6228-46E8-B64B-DE8D6547C135}.Debug|Any CPU.ActiveCfg = Debug|Any CPU
		{D51F7377-6228-46E8-B64B-DE8D6547C135}.Debug|Any CPU.Build.0 = Debug|Any CPU
		{D51F7377-6228-46E8-B64B-DE8D6547C135}.Release|Any CPU.ActiveCfg = Release|Any CPU
		{D51F7377-6228-46E8-B64B-DE8D6547C135}.Release|Any CPU.Build.0 = Release|Any CPU
		{92B1D37D-B10E-481C-A2D0-A742870FB3F7}.Debug|Any CPU.ActiveCfg = Debug|Any CPU
		{92B1D37D-B10E-481C-A2D0-A742870FB3F7}.Debug|Any CPU.Build.0 = Debug|Any CPU
		{92B1D37D-B10E-481C-A2D0-A742870FB3F7}.Release|Any CPU.ActiveCfg = Release|Any CPU
		{92B1D37D-B10E-481C-A2D0-A742870FB3F7}.Release|Any CPU.Build.0 = Release|Any CPU
		{AE7F4243-032C-4419-8372-360883D70105}.Debug|Any CPU.ActiveCfg = Debug|Any CPU
		{AE7F4243-032C-4419-8372-360883D70105}.Debug|Any CPU.Build.0 = Debug|Any CPU
		{AE7F4243-032C-4419-8372-360883D70105}.Release|Any CPU.ActiveCfg = Release|Any CPU
		{AE7F4243-032C-4419-8372-360883D70105}.Release|Any CPU.Build.0 = Release|Any CPU
		{284540F8-2579-4D25-B27B-0D5F4B0E9BFD}.Debug|Any CPU.ActiveCfg = Debug|Any CPU
		{284540F8-2579-4D25-B27B-0D5F4B0E9BFD}.Debug|Any CPU.Build.0 = Debug|Any CPU
		{284540F8-2579-4D25-B27B-0D5F4B0E9BFD}.Release|Any CPU.ActiveCfg = Release|Any CPU
		{284540F8-2579-4D25-B27B-0D5F4B0E9BFD}.Release|Any CPU.Build.0 = Release|Any CPU
		{AEE91AEF-A846-4CCA-84D8-EDA1DCDA1288}.Debug|Any CPU.ActiveCfg = Debug|Any CPU
		{AEE91AEF-A846-4CCA-84D8-EDA1DCDA1288}.Debug|Any CPU.Build.0 = Debug|Any CPU
		{AEE91AEF-A846-4CCA-84D8-EDA1DCDA1288}.Release|Any CPU.ActiveCfg = Release|Any CPU
		{AEE91AEF-A846-4CCA-84D8-EDA1DCDA1288}.Release|Any CPU.Build.0 = Release|Any CPU
		{EC7EF1B5-FA8F-429F-866D-A4A8802A7E27}.Debug|Any CPU.ActiveCfg = Debug|Any CPU
		{EC7EF1B5-FA8F-429F-866D-A4A8802A7E27}.Debug|Any CPU.Build.0 = Debug|Any CPU
		{EC7EF1B5-FA8F-429F-866D-A4A8802A7E27}.Release|Any CPU.ActiveCfg = Release|Any CPU
		{EC7EF1B5-FA8F-429F-866D-A4A8802A7E27}.Release|Any CPU.Build.0 = Release|Any CPU
		{60EE4159-EBF2-4215-9D2F-5B3590DC04B3}.Debug|Any CPU.ActiveCfg = Debug|Any CPU
		{60EE4159-EBF2-4215-9D2F-5B3590DC04B3}.Debug|Any CPU.Build.0 = Debug|Any CPU
		{60EE4159-EBF2-4215-9D2F-5B3590DC04B3}.Release|Any CPU.ActiveCfg = Release|Any CPU
		{60EE4159-EBF2-4215-9D2F-5B3590DC04B3}.Release|Any CPU.Build.0 = Release|Any CPU
		{C54367D9-C986-46AB-8E8F-72F79705D23D}.Debug|Any CPU.ActiveCfg = Debug|Any CPU
		{C54367D9-C986-46AB-8E8F-72F79705D23D}.Debug|Any CPU.Build.0 = Debug|Any CPU
		{C54367D9-C986-46AB-8E8F-72F79705D23D}.Release|Any CPU.ActiveCfg = Release|Any CPU
		{C54367D9-C986-46AB-8E8F-72F79705D23D}.Release|Any CPU.Build.0 = Release|Any CPU
		{67C32405-5596-4C56-A964-74487FCD3A91}.Debug|Any CPU.ActiveCfg = Debug|Any CPU
		{67C32405-5596-4C56-A964-74487FCD3A91}.Debug|Any CPU.Build.0 = Debug|Any CPU
		{67C32405-5596-4C56-A964-74487FCD3A91}.Release|Any CPU.ActiveCfg = Release|Any CPU
		{67C32405-5596-4C56-A964-74487FCD3A91}.Release|Any CPU.Build.0 = Release|Any CPU
		{4BE0C58F-A2A3-481C-8E12-95FC9074C608}.Debug|Any CPU.ActiveCfg = Debug|Any CPU
		{4BE0C58F-A2A3-481C-8E12-95FC9074C608}.Debug|Any CPU.Build.0 = Debug|Any CPU
		{4BE0C58F-A2A3-481C-8E12-95FC9074C608}.Release|Any CPU.ActiveCfg = Release|Any CPU
		{4BE0C58F-A2A3-481C-8E12-95FC9074C608}.Release|Any CPU.Build.0 = Release|Any CPU
		{B5ED78F9-2CF2-456D-944C-AE02FC823DF8}.Debug|Any CPU.ActiveCfg = Debug|Any CPU
		{B5ED78F9-2CF2-456D-944C-AE02FC823DF8}.Debug|Any CPU.Build.0 = Debug|Any CPU
		{B5ED78F9-2CF2-456D-944C-AE02FC823DF8}.Release|Any CPU.ActiveCfg = Release|Any CPU
		{B5ED78F9-2CF2-456D-944C-AE02FC823DF8}.Release|Any CPU.Build.0 = Release|Any CPU
		{3A9E69E0-01C1-482A-BCBB-E31EFAD2B148}.Debug|Any CPU.ActiveCfg = Debug|Any CPU
		{3A9E69E0-01C1-482A-BCBB-E31EFAD2B148}.Debug|Any CPU.Build.0 = Debug|Any CPU
		{3A9E69E0-01C1-482A-BCBB-E31EFAD2B148}.Release|Any CPU.ActiveCfg = Release|Any CPU
		{3A9E69E0-01C1-482A-BCBB-E31EFAD2B148}.Release|Any CPU.Build.0 = Release|Any CPU
		{3124B4A7-7E0B-40A5-B72A-4BA48E62929D}.Debug|Any CPU.ActiveCfg = Debug|Any CPU
		{3124B4A7-7E0B-40A5-B72A-4BA48E62929D}.Debug|Any CPU.Build.0 = Debug|Any CPU
		{3124B4A7-7E0B-40A5-B72A-4BA48E62929D}.Release|Any CPU.ActiveCfg = Release|Any CPU
		{3124B4A7-7E0B-40A5-B72A-4BA48E62929D}.Release|Any CPU.Build.0 = Release|Any CPU
		{E759DF0A-0129-40FE-A8D2-AF6481C59FB7}.Debug|Any CPU.ActiveCfg = Debug|Any CPU
		{E759DF0A-0129-40FE-A8D2-AF6481C59FB7}.Debug|Any CPU.Build.0 = Debug|Any CPU
		{E759DF0A-0129-40FE-A8D2-AF6481C59FB7}.Release|Any CPU.ActiveCfg = Release|Any CPU
		{E759DF0A-0129-40FE-A8D2-AF6481C59FB7}.Release|Any CPU.Build.0 = Release|Any CPU
		{DEA26BE0-7C1C-41F1-9710-DFC1E9009BDC}.Debug|Any CPU.ActiveCfg = Debug|Any CPU
		{DEA26BE0-7C1C-41F1-9710-DFC1E9009BDC}.Debug|Any CPU.Build.0 = Debug|Any CPU
		{DEA26BE0-7C1C-41F1-9710-DFC1E9009BDC}.Release|Any CPU.ActiveCfg = Release|Any CPU
		{DEA26BE0-7C1C-41F1-9710-DFC1E9009BDC}.Release|Any CPU.Build.0 = Release|Any CPU
		{9150C6D4-C30C-488F-B080-CD4F30644437}.Debug|Any CPU.ActiveCfg = Debug|Any CPU
		{9150C6D4-C30C-488F-B080-CD4F30644437}.Debug|Any CPU.Build.0 = Debug|Any CPU
		{9150C6D4-C30C-488F-B080-CD4F30644437}.Release|Any CPU.ActiveCfg = Release|Any CPU
		{9150C6D4-C30C-488F-B080-CD4F30644437}.Release|Any CPU.Build.0 = Release|Any CPU
		{896C2FBF-A09B-4433-9848-3B267C699DCA}.Debug|Any CPU.ActiveCfg = Debug|Any CPU
		{896C2FBF-A09B-4433-9848-3B267C699DCA}.Debug|Any CPU.Build.0 = Debug|Any CPU
		{896C2FBF-A09B-4433-9848-3B267C699DCA}.Release|Any CPU.ActiveCfg = Release|Any CPU
		{896C2FBF-A09B-4433-9848-3B267C699DCA}.Release|Any CPU.Build.0 = Release|Any CPU
		{F0C217AD-BE36-4188-8276-0FFA4F5803EC}.Debug|Any CPU.ActiveCfg = Debug|Any CPU
		{F0C217AD-BE36-4188-8276-0FFA4F5803EC}.Debug|Any CPU.Build.0 = Debug|Any CPU
		{F0C217AD-BE36-4188-8276-0FFA4F5803EC}.Release|Any CPU.ActiveCfg = Release|Any CPU
		{F0C217AD-BE36-4188-8276-0FFA4F5803EC}.Release|Any CPU.Build.0 = Release|Any CPU
		{5AB7BA5C-4B52-490E-8A32-ACD3784C3948}.Debug|Any CPU.ActiveCfg = Debug|Any CPU
		{5AB7BA5C-4B52-490E-8A32-ACD3784C3948}.Debug|Any CPU.Build.0 = Debug|Any CPU
		{5AB7BA5C-4B52-490E-8A32-ACD3784C3948}.Release|Any CPU.ActiveCfg = Release|Any CPU
		{5AB7BA5C-4B52-490E-8A32-ACD3784C3948}.Release|Any CPU.Build.0 = Release|Any CPU
		{B0D44871-5618-474D-8683-681BD3A59875}.Debug|Any CPU.ActiveCfg = Debug|Any CPU
		{B0D44871-5618-474D-8683-681BD3A59875}.Debug|Any CPU.Build.0 = Debug|Any CPU
		{B0D44871-5618-474D-8683-681BD3A59875}.Release|Any CPU.ActiveCfg = Release|Any CPU
		{B0D44871-5618-474D-8683-681BD3A59875}.Release|Any CPU.Build.0 = Release|Any CPU
		{479F28AA-6919-4844-BB4A-D0CBE520880F}.Debug|Any CPU.ActiveCfg = Debug|Any CPU
		{479F28AA-6919-4844-BB4A-D0CBE520880F}.Debug|Any CPU.Build.0 = Debug|Any CPU
		{479F28AA-6919-4844-BB4A-D0CBE520880F}.Release|Any CPU.ActiveCfg = Release|Any CPU
		{479F28AA-6919-4844-BB4A-D0CBE520880F}.Release|Any CPU.Build.0 = Release|Any CPU
		{9AF18D83-AAFE-41E2-BC30-12DE4B20E1AD}.Debug|Any CPU.ActiveCfg = Debug|Any CPU
		{9AF18D83-AAFE-41E2-BC30-12DE4B20E1AD}.Debug|Any CPU.Build.0 = Debug|Any CPU
		{9AF18D83-AAFE-41E2-BC30-12DE4B20E1AD}.Release|Any CPU.ActiveCfg = Release|Any CPU
		{9AF18D83-AAFE-41E2-BC30-12DE4B20E1AD}.Release|Any CPU.Build.0 = Release|Any CPU
	EndGlobalSection
	GlobalSection(SolutionProperties) = preSolution
		HideSolutionNode = FALSE
	EndGlobalSection
	GlobalSection(NestedProjects) = preSolution
		{90D2B0B1-490B-432E-9481-49F23C4512E9} = {513B28DA-163D-44FD-996D-31A957B43E9F}
		{9457311D-88F1-48E6-8D7D-C55238969BFF} = {513B28DA-163D-44FD-996D-31A957B43E9F}
		{70487485-56A2-4D48-9850-0EF9E33BC1B5} = {513B28DA-163D-44FD-996D-31A957B43E9F}
		{3E73DB3E-7889-4A4F-952F-C217FE7260A1} = {AA9E5CC5-27FF-420B-98F5-3970BD383043}
		{8E293FC8-A63E-40AA-A0D5-F0B7BD5425C7} = {0CB0E335-2BCA-4A02-8B29-E27F14ACF1F6}
		{2A6600AF-5D4B-4002-BCCA-8246E7DE286E} = {0CB0E335-2BCA-4A02-8B29-E27F14ACF1F6}
		{38576023-D5DF-45D5-8BED-02A763760CBD} = {0CB0E335-2BCA-4A02-8B29-E27F14ACF1F6}
		{1DB128D0-E7C8-437D-98A5-070DFC3FCF55} = {0CB0E335-2BCA-4A02-8B29-E27F14ACF1F6}
		{C7427E65-07AD-4FDC-9D45-9739B02B7599} = {0CB0E335-2BCA-4A02-8B29-E27F14ACF1F6}
		{D91ACC25-5D8E-4BA1-BBEF-3CF558B142FA} = {0CB0E335-2BCA-4A02-8B29-E27F14ACF1F6}
		{D51F7377-6228-46E8-B64B-DE8D6547C135} = {0CB0E335-2BCA-4A02-8B29-E27F14ACF1F6}
		{92B1D37D-B10E-481C-A2D0-A742870FB3F7} = {AA9E5CC5-27FF-420B-98F5-3970BD383043}
		{AE7F4243-032C-4419-8372-360883D70105} = {0CB0E335-2BCA-4A02-8B29-E27F14ACF1F6}
		{284540F8-2579-4D25-B27B-0D5F4B0E9BFD} = {D1E2AE3F-7CE7-480E-8050-9EC5F51C1252}
		{AEE91AEF-A846-4CCA-84D8-EDA1DCDA1288} = {6BA38BE3-9EC3-4C12-928A-8F51D723A394}
		{EC7EF1B5-FA8F-429F-866D-A4A8802A7E27} = {6BA38BE3-9EC3-4C12-928A-8F51D723A394}
		{60EE4159-EBF2-4215-9D2F-5B3590DC04B3} = {6BA38BE3-9EC3-4C12-928A-8F51D723A394}
		{C54367D9-C986-46AB-8E8F-72F79705D23D} = {D1E2AE3F-7CE7-480E-8050-9EC5F51C1252}
		{67C32405-5596-4C56-A964-74487FCD3A91} = {0CB0E335-2BCA-4A02-8B29-E27F14ACF1F6}
		{4BE0C58F-A2A3-481C-8E12-95FC9074C608} = {C543BA73-A762-4BB4-A4EB-61136339717D}
		{B5ED78F9-2CF2-456D-944C-AE02FC823DF8} = {6CF61831-FB1B-48B3-86EC-618771C67EB5}
		{3A9E69E0-01C1-482A-BCBB-E31EFAD2B148} = {0CB0E335-2BCA-4A02-8B29-E27F14ACF1F6}
		{3124B4A7-7E0B-40A5-B72A-4BA48E62929D} = {0CB0E335-2BCA-4A02-8B29-E27F14ACF1F6}
		{E759DF0A-0129-40FE-A8D2-AF6481C59FB7} = {AA9E5CC5-27FF-420B-98F5-3970BD383043}
		{DEA26BE0-7C1C-41F1-9710-DFC1E9009BDC} = {AA9E5CC5-27FF-420B-98F5-3970BD383043}
		{9150C6D4-C30C-488F-B080-CD4F30644437} = {AA9E5CC5-27FF-420B-98F5-3970BD383043}
		{896C2FBF-A09B-4433-9848-3B267C699DCA} = {AA9E5CC5-27FF-420B-98F5-3970BD383043}
		{F0C217AD-BE36-4188-8276-0FFA4F5803EC} = {0CB0E335-2BCA-4A02-8B29-E27F14ACF1F6}
		{5AB7BA5C-4B52-490E-8A32-ACD3784C3948} = {C543BA73-A762-4BB4-A4EB-61136339717D}
		{B0D44871-5618-474D-8683-681BD3A59875} = {D1E2AE3F-7CE7-480E-8050-9EC5F51C1252}
		{479F28AA-6919-4844-BB4A-D0CBE520880F} = {D1E2AE3F-7CE7-480E-8050-9EC5F51C1252}
		{9AF18D83-AAFE-41E2-BC30-12DE4B20E1AD} = {6A8F04B1-6D1E-4029-B63C-15B83E770D3D}
	EndGlobalSection
	GlobalSection(ExtensibilityGlobals) = postSolution
		SolutionGuid = {25530352-932B-41E7-B697-44F6CF8A9E75}
	EndGlobalSection
EndGlobal
